Microsoft Visual Studio Solution File, Format Version 12.00
# Visual Studio Version 17
VisualStudioVersion = 17.5.2.0
MinimumVisualStudioVersion = 10.0.40219.1
Project("{FAE04EC0-301F-11D3-BF4B-00C04F79EFBC}") = "bankomat1", "bankomat1.csproj", "{80A67918-5C7B-93D3-5C5E-8A6C97F43B14}"
EndProject
Global
	GlobalSection(SolutionConfigurationPlatforms) = preSolution
		Debug|Any CPU = Debug|Any CPU
		Release|Any CPU = Release|Any CPU
	EndGlobalSection
	GlobalSection(ProjectConfigurationPlatforms) = postSolution
		{80A67918-5C7B-93D3-5C5E-8A6C97F43B14}.Debug|Any CPU.ActiveCfg = Debug|Any CPU
		{80A67918-5C7B-93D3-5C5E-8A6C97F43B14}.Debug|Any CPU.Build.0 = Debug|Any CPU
		{80A67918-5C7B-93D3-5C5E-8A6C97F43B14}.Release|Any CPU.ActiveCfg = Release|Any CPU
		{80A67918-5C7B-93D3-5C5E-8A6C97F43B14}.Release|Any CPU.Build.0 = Release|Any CPU
	EndGlobalSection
	GlobalSection(SolutionProperties) = preSolution
		HideSolutionNode = FALSE
	EndGlobalSection
	GlobalSection(ExtensibilityGlobals) = postSolution
		SolutionGuid = {85680B9E-FC04-4B6F-BCFF-E8B303E90AD7}
	EndGlobalSection
EndGlobal
